github.com/Azure/azure-sdk-for-go/sdk/azcore v1.16.0 h1:JZg6HRh6W6U4OLl6lk7BZ7BLisIzM9dG1R50zUk9C/M=
github.com/Azure/azure-sdk-for-go/sdk/azcore v1.16.0/go.mod h1:YL1xnZ6QejvQHWJrX/AvhFl4WW4rqHVoKspWNVwFk0M=
github.com/google/uuid v1.1.1 h1:Gkbcsh/GbpXz7lPftLA3P6TYMwjCLYm83jiFQZF/3gY=
github.com/google/uuid v1.1.1/go.mod h1:TIyPZe4MgqvfeYDBFedMoGGpEw/LqOeaOT+nhxU+yHo=
github.com/microsoft/azure-devops-go-api/azuredevops/v7 v7.1.0 h1:mmJCWLe63QvybxhW1iBmQWEaCKdc4SKgALfTNZ+OphU=
github.com/microsoft/azure-devops-go-api/azuredevops/v7 v7.1.0/go.mod h1:mDunUZ1IUJdJIRHvFb+LPBUtxe3AYB5MI6BMXNg8194=
